
Microsoft Visual Studio Solution File, Format Version 12.00
# Visual Studio Version 17
VisualStudioVersion = 17.7.34009.444
MinimumVisualStudioVersion = 10.0.40219.1
Project("{FAE04EC0-301F-11D3-BF4B-00C04F79EFBC}") = "ParametrosVariaveis", "ParametrosVariaveis\ParametrosVariaveis.csproj", "{A6A65A91-A395-4592-B80C-9190E206C87B}"
EndProject
Global
	GlobalSection(SolutionConfigurationPlatforms) = preSolution
		Debug|Any CPU = Debug|Any CPU
		Release|Any CPU = Release|Any CPU
	EndGlobalSection
	GlobalSection(ProjectConfigurationPlatforms) = postSolution
		{A6A65A91-A395-4592-B80C-9190E206C87B}.Debug|Any CPU.ActiveCfg = Debug|Any CPU
		{A6A65A91-A395-4592-B80C-9190E206C87B}.Debug|Any CPU.Build.0 = Debug|Any CPU
		{A6A65A91-A395-4592-B80C-9190E206C87B}.Release|Any CPU.ActiveCfg = Release|Any CPU
		{A6A65A91-A395-4592-B80C-9190E206C87B}.Release|Any CPU.Build.0 = Release|Any CPU
	EndGlobalSection
	GlobalSection(SolutionProperties) = preSolution
		HideSolutionNode = FALSE
	EndGlobalSection
	GlobalSection(ExtensibilityGlobals) = postSolution
		SolutionGuid = {2C7B706E-87E7-471E-B0DC-0606BFD9B204}
	EndGlobalSection
EndGlobal
