
Microsoft Visual Studio Solution File, Format Version 12.00
# Visual Studio Version 17
VisualStudioVersion = 17.7.34009.444
MinimumVisualStudioVersion = 10.0.40219.1
Project("{FAE04EC0-301F-11D3-BF4B-00C04F79EFBC}") = "Enumeracoes", "Enumeracoes\Enumeracoes.csproj", "{A6A4E274-9FE6-4406-B08A-05DAD7408863}"
EndProject
Global
	GlobalSection(SolutionConfigurationPlatforms) = preSolution
		Debug|Any CPU = Debug|Any CPU
		Release|Any CPU = Release|Any CPU
	EndGlobalSection
	GlobalSection(ProjectConfigurationPlatforms) = postSolution
		{A6A4E274-9FE6-4406-B08A-05DAD7408863}.Debug|Any CPU.ActiveCfg = Debug|Any CPU
		{A6A4E274-9FE6-4406-B08A-05DAD7408863}.Debug|Any CPU.Build.0 = Debug|Any CPU
		{A6A4E274-9FE6-4406-B08A-05DAD7408863}.Release|Any CPU.ActiveCfg = Release|Any CPU
		{A6A4E274-9FE6-4406-B08A-05DAD7408863}.Release|Any CPU.Build.0 = Release|Any CPU
	EndGlobalSection
	GlobalSection(SolutionProperties) = preSolution
		HideSolutionNode = FALSE
	EndGlobalSection
	GlobalSection(ExtensibilityGlobals) = postSolution
		SolutionGuid = {FCD5B483-8209-423D-8A09-DC01E6142C0F}
	EndGlobalSection
EndGlobal
