
Microsoft Visual Studio Solution File, Format Version 12.00
# Visual Studio Version 17
VisualStudioVersion = 17.7.34009.444
MinimumVisualStudioVersion = 10.0.40219.1
Project("{FAE04EC0-301F-11D3-BF4B-00C04F79EFBC}") = "Lambda", "Lambda\Lambda.csproj", "{AFA12C5E-A513-4CFA-A222-9A27B73C8895}"
EndProject
Global
	GlobalSection(SolutionConfigurationPlatforms) = preSolution
		Debug|Any CPU = Debug|Any CPU
		Release|Any CPU = Release|Any CPU
	EndGlobalSection
	GlobalSection(ProjectConfigurationPlatforms) = postSolution
		{AFA12C5E-A513-4CFA-A222-9A27B73C8895}.Debug|Any CPU.ActiveCfg = Debug|Any CPU
		{AFA12C5E-A513-4CFA-A222-9A27B73C8895}.Debug|Any CPU.Build.0 = Debug|Any CPU
		{AFA12C5E-A513-4CFA-A222-9A27B73C8895}.Release|Any CPU.ActiveCfg = Release|Any CPU
		{AFA12C5E-A513-4CFA-A222-9A27B73C8895}.Release|Any CPU.Build.0 = Release|Any CPU
	EndGlobalSection
	GlobalSection(SolutionProperties) = preSolution
		HideSolutionNode = FALSE
	EndGlobalSection
	GlobalSection(ExtensibilityGlobals) = postSolution
		SolutionGuid = {E853AE43-4CF0-40FF-86EC-9F6DBCC78A64}
	EndGlobalSection
EndGlobal
